// !$*UTF8*$!
{
	archiveVersion = 1;
	classes = {
	};
	objectVersion = 50;
	objects = {

/* Begin PBXBuildFile section */
		0104CA0C217C25E900E90168 /* XRRefreshMarcos.swift in Sources */ = {isa = PBXBuildFile; fileRef = 0104CA0B217C25E900E90168 /* XRRefreshMarcos.swift */; };
		0104CA0E217C496800E90168 /* ExampleNavHiddenViewController.swift in Sources */ = {isa = PBXBuildFile; fileRef = 0104CA0D217C496800E90168 /* ExampleNavHiddenViewController.swift */; };
		0104CA10217C4CA400E90168 /* ExampleCollectionNavHiddenViewController.swift in Sources */ = {isa = PBXBuildFile; fileRef = 0104CA0F217C4CA400E90168 /* ExampleCollectionNavHiddenViewController.swift */; };
		0107F7D72175CE6B000BE9C7 /* CustomActivityRefreshHeader.swift in Sources */ = {isa = PBXBuildFile; fileRef = 0107F7D62175CE6B000BE9C7 /* CustomActivityRefreshHeader.swift */; };
		0107F7DA2175CE83000BE9C7 /* Localizable.strings in Resources */ = {isa = PBXBuildFile; fileRef = 0107F7D82175CE83000BE9C7 /* Localizable.strings */; };
		0107F7E62175D0A7000BE9C7 /* XRLocalizableStringManager.swift in Sources */ = {isa = PBXBuildFile; fileRef = 0107F7E52175D0A7000BE9C7 /* XRLocalizableStringManager.swift */; };
		0107F7E82175D1F0000BE9C7 /* LocalizableStringMarcos.swift in Sources */ = {isa = PBXBuildFile; fileRef = 0107F7E72175D1F0000BE9C7 /* LocalizableStringMarcos.swift */; };
		0107F7EA2175D442000BE9C7 /* XRCircleAnimatorRefreshHeader.swift in Sources */ = {isa = PBXBuildFile; fileRef = 0107F7E92175D442000BE9C7 /* XRCircleAnimatorRefreshHeader.swift */; };
		0107F7EC2175E190000BE9C7 /* CustomActivityRefreshFooter.swift in Sources */ = {isa = PBXBuildFile; fileRef = 0107F7EB2175E190000BE9C7 /* CustomActivityRefreshFooter.swift */; };
		0125F41620F601760027C078 /* AppDelegate.swift in Sources */ = {isa = PBXBuildFile; fileRef = 0125F41520F601760027C078 /* AppDelegate.swift */; };
		0125F41820F601760027C078 /* ViewController.swift in Sources */ = {isa = PBXBuildFile; fileRef = 0125F41720F601760027C078 /* ViewController.swift */; };
		0125F41B20F601760027C078 /* Main.storyboard in Resources */ = {isa = PBXBuildFile; fileRef = 0125F41920F601760027C078 /* Main.storyboard */; };
		0125F41D20F601770027C078 /* Assets.xcassets in Resources */ = {isa = PBXBuildFile; fileRef = 0125F41C20F601770027C078 /* Assets.xcassets */; };
		0125F42020F601770027C078 /* LaunchScreen.storyboard in Resources */ = {isa = PBXBuildFile; fileRef = 0125F41E20F601770027C078 /* LaunchScreen.storyboard */; };
		0125F44820F612780027C078 /* XRRefreshControlSettings.swift in Sources */ = {isa = PBXBuildFile; fileRef = 0125F43F20F612780027C078 /* XRRefreshControlSettings.swift */; };
		012B4C9320F789AD0049BB5A /* Marcos.swift in Sources */ = {isa = PBXBuildFile; fileRef = 012B4C9220F789AD0049BB5A /* Marcos.swift */; };
		0130836E2176CFAD00F227BE /* ExampleTableViewController.swift in Sources */ = {isa = PBXBuildFile; fileRef = 0130836D2176CFAD00F227BE /* ExampleTableViewController.swift */; };
		013083702176CFC000F227BE /* ExampleCollectionViewController.swift in Sources */ = {isa = PBXBuildFile; fileRef = 0130836F2176CFC000F227BE /* ExampleCollectionViewController.swift */; };
		013083722176CFDE00F227BE /* ExampleUIWebViewController.swift in Sources */ = {isa = PBXBuildFile; fileRef = 013083712176CFDE00F227BE /* ExampleUIWebViewController.swift */; };
		013083742176D00200F227BE /* ExampleWKWebViewController.swift in Sources */ = {isa = PBXBuildFile; fileRef = 013083732176D00200F227BE /* ExampleWKWebViewController.swift */; };
		013083762176DE3300F227BE /* UIScrollView+XRExtension.swift in Sources */ = {isa = PBXBuildFile; fileRef = 013083752176DE3300F227BE /* UIScrollView+XRExtension.swift */; };
		013083792176E96300F227BE /* ExampleCollectionViewCell.swift in Sources */ = {isa = PBXBuildFile; fileRef = 013083782176E96300F227BE /* ExampleCollectionViewCell.swift */; };
		0155059520FC8A190082599C /* XRActivityRefreshFooter.swift in Sources */ = {isa = PBXBuildFile; fileRef = 0155058D20FC8A190082599C /* XRActivityRefreshFooter.swift */; };
		0155059720FC8A190082599C /* XRBaseRefreshHeader.swift in Sources */ = {isa = PBXBuildFile; fileRef = 0155058F20FC8A190082599C /* XRBaseRefreshHeader.swift */; };
		0155059820FC8A190082599C /* XRBaseRefreshFooter.swift in Sources */ = {isa = PBXBuildFile; fileRef = 0155059020FC8A190082599C /* XRBaseRefreshFooter.swift */; };
		0155059920FC8A190082599C /* UIView+XRExtension.swift in Sources */ = {isa = PBXBuildFile; fileRef = 0155059120FC8A190082599C /* UIView+XRExtension.swift */; };
		0155059A20FC8A190082599C /* XRActivityRefreshHeader.swift in Sources */ = {isa = PBXBuildFile; fileRef = 0155059220FC8A190082599C /* XRActivityRefreshHeader.swift */; };
		0155059B20FC8A190082599C /* DispatchQueue+XRRefresh.swift in Sources */ = {isa = PBXBuildFile; fileRef = 0155059320FC8A190082599C /* DispatchQueue+XRRefresh.swift */; };
		0155059C20FC8A190082599C /* UIScrollView+XRRefresh.swift in Sources */ = {isa = PBXBuildFile; fileRef = 0155059420FC8A190082599C /* UIScrollView+XRRefresh.swift */; };
		0189648522AE55A100D4968A /* README.md in Resources */ = {isa = PBXBuildFile; fileRef = 0189648422AE55A100D4968A /* README.md */; };
		018C0B2D227BE69300A6B3C1 /* XRImageRefreshFooter.swift in Sources */ = {isa = PBXBuildFile; fileRef = 018C0B2C227BE69300A6B3C1 /* XRImageRefreshFooter.swift */; };
		0198CAF3227BD50800A55805 /* icon_pull@2x.png in Resources */ = {isa = PBXBuildFile; fileRef = 0198CAF1227BD50700A55805 /* icon_pull@2x.png */; };
		0198CAF4227BD50800A55805 /* icon_pull@3x.png in Resources */ = {isa = PBXBuildFile; fileRef = 0198CAF2227BD50800A55805 /* icon_pull@3x.png */; };
		019A3F8D227AEB7800C212F8 /* XRImageRefreshHeader.swift in Sources */ = {isa = PBXBuildFile; fileRef = 019A3F8C227AEB7800C212F8 /* XRImageRefreshHeader.swift */; };
		019A3F95227AEFA300C212F8 /* loading@2x.png in Resources */ = {isa = PBXBuildFile; fileRef = 019A3F91227AEFA300C212F8 /* loading@2x.png */; };
		019A3F96227AEFA300C212F8 /* loading@3x.png in Resources */ = {isa = PBXBuildFile; fileRef = 019A3F92227AEFA300C212F8 /* loading@3x.png */; };
		01BE05572128389C00E5BE14 /* XRProvider.swift in Sources */ = {isa = PBXBuildFile; fileRef = 01BE05562128389C00E5BE14 /* XRProvider.swift */; };
		4EA71D44E75A4D0765DE07F9 /* Pods_XREasyRefreshControl.framework in Frameworks */ = {isa = PBXBuildFile; fileRef = 7129A811767E2C64CDD5D38D /* Pods_XREasyRefreshControl.framework */; };
/* End PBXBuildFile section */

/* Begin PBXFileReference section */
		0104CA0B217C25E900E90168 /* XRRefreshMarcos.swift */ = {isa = PBXFileReference; lastKnownFileType = sourcecode.swift; path = XRRefreshMarcos.swift; sourceTree = "<group>"; };
		0104CA0D217C496800E90168 /* ExampleNavHiddenViewController.swift */ = {isa = PBXFileReference; lastKnownFileType = sourcecode.swift; path = ExampleNavHiddenViewController.swift; sourceTree = "<group>"; };
		0104CA0F217C4CA400E90168 /* ExampleCollectionNavHiddenViewController.swift */ = {isa = PBXFileReference; lastKnownFileType = sourcecode.swift; path = ExampleCollectionNavHiddenViewController.swift; sourceTree = "<group>"; };
		0107F7D62175CE6B000BE9C7 /* CustomActivityRefreshHeader.swift */ = {isa = PBXFileReference; fileEncoding = 4; lastKnownFileType = sourcecode.swift; path = CustomActivityRefreshHeader.swift; sourceTree = "<group>"; };
		0107F7D92175CE83000BE9C7 /* en */ = {isa = PBXFileReference; lastKnownFileType = text.plist.strings; name = en; path = en.lproj/Localizable.strings; sourceTree = "<group>"; };
		0107F7DB2175CFA6000BE9C7 /* zh-Hans */ = {isa = PBXFileReference; lastKnownFileType = text.plist.strings; name = "zh-Hans"; path = "zh-Hans.lproj/Main.strings"; sourceTree = "<group>"; };
		0107F7DC2175CFA6000BE9C7 /* zh-Hans */ = {isa = PBXFileReference; lastKnownFileType = text.plist.strings; name = "zh-Hans"; path = "zh-Hans.lproj/LaunchScreen.strings"; sourceTree = "<group>"; };
		0107F7DD2175CFA6000BE9C7 /* zh-Hans */ = {isa = PBXFileReference; lastKnownFileType = text.plist.strings; name = "zh-Hans"; path = "zh-Hans.lproj/Localizable.strings"; sourceTree = "<group>"; };
		0107F7DE2175CFB8000BE9C7 /* zh-Hant */ = {isa = PBXFileReference; lastKnownFileType = text.plist.strings; name = "zh-Hant"; path = "zh-Hant.lproj/Main.strings"; sourceTree = "<group>"; };
		0107F7DF2175CFB8000BE9C7 /* zh-Hant */ = {isa = PBXFileReference; lastKnownFileType = text.plist.strings; name = "zh-Hant"; path = "zh-Hant.lproj/LaunchScreen.strings"; sourceTree = "<group>"; };
		0107F7E02175CFB8000BE9C7 /* zh-Hant */ = {isa = PBXFileReference; lastKnownFileType = text.plist.strings; name = "zh-Hant"; path = "zh-Hant.lproj/Localizable.strings"; sourceTree = "<group>"; };
		0107F7E52175D0A7000BE9C7 /* XRLocalizableStringManager.swift */ = {isa = PBXFileReference; fileEncoding = 4; lastKnownFileType = sourcecode.swift; path = XRLocalizableStringManager.swift; sourceTree = "<group>"; };
		0107F7E72175D1F0000BE9C7 /* LocalizableStringMarcos.swift */ = {isa = PBXFileReference; lastKnownFileType = sourcecode.swift; path = LocalizableStringMarcos.swift; sourceTree = "<group>"; };
		0107F7E92175D442000BE9C7 /* XRCircleAnimatorRefreshHeader.swift */ = {isa = PBXFileReference; fileEncoding = 4; lastKnownFileType = sourcecode.swift; path = XRCircleAnimatorRefreshHeader.swift; sourceTree = "<group>"; };
		0107F7EB2175E190000BE9C7 /* CustomActivityRefreshFooter.swift */ = {isa = PBXFileReference; fileEncoding = 4; lastKnownFileType = sourcecode.swift; path = CustomActivityRefreshFooter.swift; sourceTree = "<group>"; };
		0125F41220F601760027C078 /* XREasyRefreshControl.app */ = {isa = PBXFileReference; explicitFileType = wrapper.application; includeInIndex = 0; path = XREasyRefreshControl.app; sourceTree = BUILT_PRODUCTS_DIR; };
		0125F41520F601760027C078 /* AppDelegate.swift */ = {isa = PBXFileReference; lastKnownFileType = sourcecode.swift; path = AppDelegate.swift; sourceTree = "<group>"; };
		0125F41720F601760027C078 /* ViewController.swift */ = {isa = PBXFileReference; lastKnownFileType = sourcecode.swift; path = ViewController.swift; sourceTree = "<group>"; };
		0125F41A20F601760027C078 /* Base */ = {isa = PBXFileReference; lastKnownFileType = file.storyboard; name = Base; path = Base.lproj/Main.storyboard; sourceTree = "<group>"; };
		0125F41C20F601770027C078 /* Assets.xcassets */ = {isa = PBXFileReference; lastKnownFileType = folder.assetcatalog; path = Assets.xcassets; sourceTree = "<group>"; };
		0125F41F20F601770027C078 /* Base */ = {isa = PBXFileReference; lastKnownFileType = file.storyboard; name = Base; path = Base.lproj/LaunchScreen.storyboard; sourceTree = "<group>"; };
		0125F42120F601770027C078 /* Info.plist */ = {isa = PBXFileReference; lastKnownFileType = text.plist.xml; path = Info.plist; sourceTree = "<group>"; };
		0125F43F20F612780027C078 /* XRRefreshControlSettings.swift */ = {isa = PBXFileReference; fileEncoding = 4; lastKnownFileType = sourcecode.swift; path = XRRefreshControlSettings.swift; sourceTree = "<group>"; };
		012B4C9220F789AD0049BB5A /* Marcos.swift */ = {isa = PBXFileReference; lastKnownFileType = sourcecode.swift; path = Marcos.swift; sourceTree = "<group>"; };
		0130836D2176CFAD00F227BE /* ExampleTableViewController.swift */ = {isa = PBXFileReference; lastKnownFileType = sourcecode.swift; path = ExampleTableViewController.swift; sourceTree = "<group>"; };
		0130836F2176CFC000F227BE /* ExampleCollectionViewController.swift */ = {isa = PBXFileReference; lastKnownFileType = sourcecode.swift; path = ExampleCollectionViewController.swift; sourceTree = "<group>"; };
		013083712176CFDE00F227BE /* ExampleUIWebViewController.swift */ = {isa = PBXFileReference; lastKnownFileType = sourcecode.swift; path = ExampleUIWebViewController.swift; sourceTree = "<group>"; };
		013083732176D00200F227BE /* ExampleWKWebViewController.swift */ = {isa = PBXFileReference; lastKnownFileType = sourcecode.swift; path = ExampleWKWebViewController.swift; sourceTree = "<group>"; };
		013083752176DE3300F227BE /* UIScrollView+XRExtension.swift */ = {isa = PBXFileReference; lastKnownFileType = sourcecode.swift; path = "UIScrollView+XRExtension.swift"; sourceTree = "<group>"; };
		013083782176E96300F227BE /* ExampleCollectionViewCell.swift */ = {isa = PBXFileReference; lastKnownFileType = sourcecode.swift; path = ExampleCollectionViewCell.swift; sourceTree = "<group>"; };
		0155058D20FC8A190082599C /* XRActivityRefreshFooter.swift */ = {isa = PBXFileReference; fileEncoding = 4; lastKnownFileType = sourcecode.swift; path = XRActivityRefreshFooter.swift; sourceTree = "<group>"; };
		0155058F20FC8A190082599C /* XRBaseRefreshHeader.swift */ = {isa = PBXFileReference; fileEncoding = 4; lastKnownFileType = sourcecode.swift; path = XRBaseRefreshHeader.swift; sourceTree = "<group>"; };
		0155059020FC8A190082599C /* XRBaseRefreshFooter.swift */ = {isa = PBXFileReference; fileEncoding = 4; lastKnownFileType = sourcecode.swift; path = XRBaseRefreshFooter.swift; sourceTree = "<group>"; };
		0155059120FC8A190082599C /* UIView+XRExtension.swift */ = {isa = PBXFileReference; fileEncoding = 4; lastKnownFileType = sourcecode.swift; path = "UIView+XRExtension.swift"; sourceTree = "<group>"; };
		0155059220FC8A190082599C /* XRActivityRefreshHeader.swift */ = {isa = PBXFileReference; fileEncoding = 4; lastKnownFileType = sourcecode.swift; path = XRActivityRefreshHeader.swift; sourceTree = "<group>"; };
		0155059320FC8A190082599C /* DispatchQueue+XRRefresh.swift */ = {isa = PBXFileReference; fileEncoding = 4; lastKnownFileType = sourcecode.swift; path = "DispatchQueue+XRRefresh.swift"; sourceTree = "<group>"; };
		0155059420FC8A190082599C /* UIScrollView+XRRefresh.swift */ = {isa = PBXFileReference; fileEncoding = 4; lastKnownFileType = sourcecode.swift; path = "UIScrollView+XRRefresh.swift"; sourceTree = "<group>"; };
		0189648422AE55A100D4968A /* README.md */ = {isa = PBXFileReference; fileEncoding = 4; lastKnownFileType = net.daringfireball.markdown; path = README.md; sourceTree = "<group>"; };
		018C0B2C227BE69300A6B3C1 /* XRImageRefreshFooter.swift */ = {isa = PBXFileReference; lastKnownFileType = sourcecode.swift; path = XRImageRefreshFooter.swift; sourceTree = "<group>"; };
		0198CAF1227BD50700A55805 /* icon_pull@2x.png */ = {isa = PBXFileReference; lastKnownFileType = image.png; path = "icon_pull@2x.png"; sourceTree = "<group>"; };
		0198CAF2227BD50800A55805 /* icon_pull@3x.png */ = {isa = PBXFileReference; lastKnownFileType = image.png; path = "icon_pull@3x.png"; sourceTree = "<group>"; };
		019A3F8C227AEB7800C212F8 /* XRImageRefreshHeader.swift */ = {isa = PBXFileReference; lastKnownFileType = sourcecode.swift; path = XRImageRefreshHeader.swift; sourceTree = "<group>"; };
		019A3F91227AEFA300C212F8 /* loading@2x.png */ = {isa = PBXFileReference; lastKnownFileType = image.png; path = "loading@2x.png"; sourceTree = "<group>"; };
		019A3F92227AEFA300C212F8 /* loading@3x.png */ = {isa = PBXFileReference; lastKnownFileType = image.png; path = "loading@3x.png"; sourceTree = "<group>"; };
		01BE05562128389C00E5BE14 /* XRProvider.swift */ = {isa = PBXFileReference; lastKnownFileType = sourcecode.swift; path = XRProvider.swift; sourceTree = "<group>"; };
		112C94F3005DC2BC6B4DF60F /* Pods-XREasyRefreshControl.debug.xcconfig */ = {isa = PBXFileReference; includeInIndex = 1; lastKnownFileType = text.xcconfig; name = "Pods-XREasyRefreshControl.debug.xcconfig"; path = "Pods/Target Support Files/Pods-XREasyRefreshControl/Pods-XREasyRefreshControl.debug.xcconfig"; sourceTree = "<group>"; };
		7129A811767E2C64CDD5D38D /* Pods_XREasyRefreshControl.framework */ = {isa = PBXFileReference; explicitFileType = wrapper.framework; includeInIndex = 0; path = Pods_XREasyRefreshControl.framework; sourceTree = BUILT_PRODUCTS_DIR; };
		A48D8678851DA129E8BB2AA4 /* Pods-XREasyRefreshControl.release.xcconfig */ = {isa = PBXFileReference; includeInIndex = 1; lastKnownFileType = text.xcconfig; name = "Pods-XREasyRefreshControl.release.xcconfig"; path = "Pods/Target Support Files/Pods-XREasyRefreshControl/Pods-XREasyRefreshControl.release.xcconfig"; sourceTree = "<group>"; };
/* End PBXFileReference section */

/* Begin PBXFrameworksBuildPhase section */
		0125F40F20F601760027C078 /* Frameworks */ = {
			isa = PBXFrameworksBuildPhase;
			buildActionMask = 2147483647;
			files = (
				4EA71D44E75A4D0765DE07F9 /* Pods_XREasyRefreshControl.framework in Frameworks */,
			);
			runOnlyForDeploymentPostprocessing = 0;
		};
/* End PBXFrameworksBuildPhase section */

/* Begin PBXGroup section */
		0107F7E12175D05F000BE9C7 /* Classes */ = {
			isa = PBXGroup;
			children = (
				013083772176E94400F227BE /* Views */,
				0107F7E42175D081000BE9C7 /* Common */,
			);
			path = Classes;
			sourceTree = "<group>";
		};
		0107F7E42175D081000BE9C7 /* Common */ = {
			isa = PBXGroup;
			children = (
				012B4C9220F789AD0049BB5A /* Marcos.swift */,
				0107F7E52175D0A7000BE9C7 /* XRLocalizableStringManager.swift */,
				0107F7E72175D1F0000BE9C7 /* LocalizableStringMarcos.swift */,
			);
			path = Common;
			sourceTree = "<group>";
		};
		0125F40920F601760027C078 = {
			isa = PBXGroup;
			children = (
				0189648422AE55A100D4968A /* README.md */,
				0125F43D20F612780027C078 /* Source */,
				0125F41420F601760027C078 /* XREasyRefreshControl */,
				0125F41320F601760027C078 /* Products */,
				E1235329B9B42C358C680E52 /* Pods */,
				4E6AF37ACE3B84E579F10969 /* Frameworks */,
			);
			sourceTree = "<group>";
		};
		0125F41320F601760027C078 /* Products */ = {
			isa = PBXGroup;
			children = (
				0125F41220F601760027C078 /* XREasyRefreshControl.app */,
			);
			name = Products;
			sourceTree = "<group>";
		};
		0125F41420F601760027C078 /* XREasyRefreshControl */ = {
			isa = PBXGroup;
			children = (
				019A3F8E227AEFA300C212F8 /* Resources */,
				0107F7E12175D05F000BE9C7 /* Classes */,
				0125F41520F601760027C078 /* AppDelegate.swift */,
				0130836F2176CFC000F227BE /* ExampleCollectionViewController.swift */,
				0104CA0F217C4CA400E90168 /* ExampleCollectionNavHiddenViewController.swift */,
				013083712176CFDE00F227BE /* ExampleUIWebViewController.swift */,
				013083732176D00200F227BE /* ExampleWKWebViewController.swift */,
				0130836D2176CFAD00F227BE /* ExampleTableViewController.swift */,
				0104CA0D217C496800E90168 /* ExampleNavHiddenViewController.swift */,
				0125F41720F601760027C078 /* ViewController.swift */,
				015505A520FC8AD50082599C /* Customs */,
				0125F41920F601760027C078 /* Main.storyboard */,
				0125F41C20F601770027C078 /* Assets.xcassets */,
				0107F7D82175CE83000BE9C7 /* Localizable.strings */,
				0125F41E20F601770027C078 /* LaunchScreen.storyboard */,
				0125F42120F601770027C078 /* Info.plist */,
			);
			path = XREasyRefreshControl;
			sourceTree = "<group>";
		};
		0125F43D20F612780027C078 /* Source */ = {
			isa = PBXGroup;
			children = (
				0155059D20FC8A250082599C /* Extensions */,
				0155059F20FC8A4C0082599C /* Core */,
				0125F43F20F612780027C078 /* XRRefreshControlSettings.swift */,
				0104CA0B217C25E900E90168 /* XRRefreshMarcos.swift */,
			);
			path = Source;
			sourceTree = "<group>";
		};
		013083772176E94400F227BE /* Views */ = {
			isa = PBXGroup;
			children = (
				013083782176E96300F227BE /* ExampleCollectionViewCell.swift */,
			);
			path = Views;
			sourceTree = "<group>";
		};
		0155059D20FC8A250082599C /* Extensions */ = {
			isa = PBXGroup;
			children = (
				0155059320FC8A190082599C /* DispatchQueue+XRRefresh.swift */,
				0155059420FC8A190082599C /* UIScrollView+XRRefresh.swift */,
				0155059120FC8A190082599C /* UIView+XRExtension.swift */,
				013083752176DE3300F227BE /* UIScrollView+XRExtension.swift */,
			);
			path = Extensions;
			sourceTree = "<group>";
		};
		0155059E20FC8A3E0082599C /* Base */ = {
			isa = PBXGroup;
			children = (
				0155059020FC8A190082599C /* XRBaseRefreshFooter.swift */,
				0155058F20FC8A190082599C /* XRBaseRefreshHeader.swift */,
				01BE05562128389C00E5BE14 /* XRProvider.swift */,
			);
			path = Base;
			sourceTree = "<group>";
		};
		0155059F20FC8A4C0082599C /* Core */ = {
			isa = PBXGroup;
			children = (
				0155059E20FC8A3E0082599C /* Base */,
				0155058D20FC8A190082599C /* XRActivityRefreshFooter.swift */,
				0155059220FC8A190082599C /* XRActivityRefreshHeader.swift */,
			);
			path = Core;
			sourceTree = "<group>";
		};
		015505A520FC8AD50082599C /* Customs */ = {
			isa = PBXGroup;
			children = (
				0107F7EB2175E190000BE9C7 /* CustomActivityRefreshFooter.swift */,
				0107F7E92175D442000BE9C7 /* XRCircleAnimatorRefreshHeader.swift */,
				0107F7D62175CE6B000BE9C7 /* CustomActivityRefreshHeader.swift */,
				019A3F8C227AEB7800C212F8 /* XRImageRefreshHeader.swift */,
				018C0B2C227BE69300A6B3C1 /* XRImageRefreshFooter.swift */,
			);
			path = Customs;
			sourceTree = "<group>";
		};
		019A3F8E227AEFA300C212F8 /* Resources */ = {
			isa = PBXGroup;
			children = (
				0198CAF1227BD50700A55805 /* icon_pull@2x.png */,
				0198CAF2227BD50800A55805 /* icon_pull@3x.png */,
				019A3F91227AEFA300C212F8 /* loading@2x.png */,
				019A3F92227AEFA300C212F8 /* loading@3x.png */,
			);
			path = Resources;
			sourceTree = SOURCE_ROOT;
		};
		4E6AF37ACE3B84E579F10969 /* Frameworks */ = {
			isa = PBXGroup;
			children = (
				7129A811767E2C64CDD5D38D /* Pods_XREasyRefreshControl.framework */,
			);
			name = Frameworks;
			sourceTree = "<group>";
		};
		E1235329B9B42C358C680E52 /* Pods */ = {
			isa = PBXGroup;
			children = (
				112C94F3005DC2BC6B4DF60F /* Pods-XREasyRefreshControl.debug.xcconfig */,
				A48D8678851DA129E8BB2AA4 /* Pods-XREasyRefreshControl.release.xcconfig */,
			);
			name = Pods;
			sourceTree = "<group>";
		};
/* End PBXGroup section */

/* Begin PBXNativeTarget section */
		0125F41120F601760027C078 /* XREasyRefreshControl */ = {
			isa = PBXNativeTarget;
			buildConfigurationList = 0125F42420F601770027C078 /* Build configuration list for PBXNativeTarget "XREasyRefreshControl" */;
			buildPhases = (
				3AD03A7586368A7D1C7E8A17 /* [CP] Check Pods Manifest.lock */,
				0125F40E20F601760027C078 /* Sources */,
				0125F40F20F601760027C078 /* Frameworks */,
				0125F41020F601760027C078 /* Resources */,
				701E31CBEEC4C413D1626D84 /* [CP] Embed Pods Frameworks */,
			);
			buildRules = (
			);
			dependencies = (
			);
			name = XREasyRefreshControl;
			productName = XREasyRefreshControl;
			productReference = 0125F41220F601760027C078 /* XREasyRefreshControl.app */;
			productType = "com.apple.product-type.application";
		};
/* End PBXNativeTarget section */

/* Begin PBXProject section */
		0125F40A20F601760027C078 /* Project object */ = {
			isa = PBXProject;
			attributes = {
				LastSwiftUpdateCheck = 0930;
				LastUpgradeCheck = 0930;
				ORGANIZATIONNAME = "是心作佛";
				TargetAttributes = {
					0125F41120F601760027C078 = {
						CreatedOnToolsVersion = 9.3.1;
					};
				};
			};
			buildConfigurationList = 0125F40D20F601760027C078 /* Build configuration list for PBXProject "XREasyRefreshControl" */;
			compatibilityVersion = "Xcode 9.3";
			developmentRegion = en;
			hasScannedForEncodings = 0;
			knownRegions = (
				en,
				Base,
				"zh-Hans",
				"zh-Hant",
			);
			mainGroup = 0125F40920F601760027C078;
			productRefGroup = 0125F41320F601760027C078 /* Products */;
			projectDirPath = "";
			projectRoot = "";
			targets = (
				0125F41120F601760027C078 /* XREasyRefreshControl */,
			);
		};
/* End PBXProject section */

/* Begin PBXResourcesBuildPhase section */
		0125F41020F601760027C078 /* Resources */ = {
			isa = PBXResourcesBuildPhase;
			buildActionMask = 2147483647;
			files = (
				0125F42020F601770027C078 /* LaunchScreen.storyboard in Resources */,
				019A3F96227AEFA300C212F8 /* loading@3x.png in Resources */,
				0107F7DA2175CE83000BE9C7 /* Localizable.strings in Resources */,
				0198CAF4227BD50800A55805 /* icon_pull@3x.png in Resources */,
				0125F41D20F601770027C078 /* Assets.xcassets in Resources */,
				019A3F95227AEFA300C212F8 /* loading@2x.png in Resources */,
				0189648522AE55A100D4968A /* README.md in Resources */,
				0198CAF3227BD50800A55805 /* icon_pull@2x.png in Resources */,
				0125F41B20F601760027C078 /* Main.storyboard in Resources */,
			);
			runOnlyForDeploymentPostprocessing = 0;
		};
/* End PBXResourcesBuildPhase section */

/* Begin PBXShellScriptBuildPhase section */
		3AD03A7586368A7D1C7E8A17 /* [CP] Check Pods Manifest.lock */ = {
			isa = PBXShellScriptBuildPhase;
			buildActionMask = 2147483647;
			files = (
			);
			inputPaths = (
				"${PODS_PODFILE_DIR_PATH}/Podfile.lock",
				"${PODS_ROOT}/Manifest.lock",
			);
			name = "[CP] Check Pods Manifest.lock";
			outputPaths = (
				"$(DERIVED_FILE_DIR)/Pods-XREasyRefreshControl-checkManifestLockResult.txt",
			);
			runOnlyForDeploymentPostprocessing = 0;
			shellPath = /bin/sh;
			shellScript = "diff \"${PODS_PODFILE_DIR_PATH}/Podfile.lock\" \"${PODS_ROOT}/Manifest.lock\" > /dev/null\nif [ $? != 0 ] ; then\n    # print error to STDERR\n    echo \"error: The sandbox is not in sync with the Podfile.lock. Run 'pod install' or update your CocoaPods installation.\" >&2\n    exit 1\nfi\n# This output is used by Xcode 'outputs' to avoid re-running this script phase.\necho \"SUCCESS\" > \"${SCRIPT_OUTPUT_FILE_0}\"\n";
			showEnvVarsInLog = 0;
		};
		701E31CBEEC4C413D1626D84 /* [CP] Embed Pods Frameworks */ = {
			isa = PBXShellScriptBuildPhase;
			buildActionMask = 2147483647;
			files = (
			);
			inputPaths = (
				"${SRCROOT}/Pods/Target Support Files/Pods-XREasyRefreshControl/Pods-XREasyRefreshControl-frameworks.sh",
				"${BUILT_PRODUCTS_DIR}/XREasyRefreshControl/XREasyRefresh.framework",
			);
			name = "[CP] Embed Pods Frameworks";
			outputPaths = (
				"${TARGET_BUILD_DIR}/${FRAMEWORKS_FOLDER_PATH}/XREasyRefresh.framework",
			);
			runOnlyForDeploymentPostprocessing = 0;
			shellPath = /bin/sh;
			shellScript = "\"${SRCROOT}/Pods/Target Support Files/Pods-XREasyRefreshControl/Pods-XREasyRefreshControl-frameworks.sh\"\n";
			showEnvVarsInLog = 0;
		};
/* End PBXShellScriptBuildPhase section */

/* Begin PBXSourcesBuildPhase section */
		0125F40E20F601760027C078 /* Sources */ = {
			isa = PBXSourcesBuildPhase;
			buildActionMask = 2147483647;
			files = (
				018C0B2D227BE69300A6B3C1 /* XRImageRefreshFooter.swift in Sources */,
				0107F7EC2175E190000BE9C7 /* CustomActivityRefreshFooter.swift in Sources */,
				0130836E2176CFAD00F227BE /* ExampleTableViewController.swift in Sources */,
				0155059920FC8A190082599C /* UIView+XRExtension.swift in Sources */,
				013083702176CFC000F227BE /* ExampleCollectionViewController.swift in Sources */,
				0107F7EA2175D442000BE9C7 /* XRCircleAnimatorRefreshHeader.swift in Sources */,
				0107F7E82175D1F0000BE9C7 /* LocalizableStringMarcos.swift in Sources */,
				0104CA0C217C25E900E90168 /* XRRefreshMarcos.swift in Sources */,
				013083742176D00200F227BE /* ExampleWKWebViewController.swift in Sources */,
				0125F44820F612780027C078 /* XRRefreshControlSettings.swift in Sources */,
				0155059720FC8A190082599C /* XRBaseRefreshHeader.swift in Sources */,
				0125F41820F601760027C078 /* ViewController.swift in Sources */,
				0125F41620F601760027C078 /* AppDelegate.swift in Sources */,
				0155059B20FC8A190082599C /* DispatchQueue+XRRefresh.swift in Sources */,
				013083722176CFDE00F227BE /* ExampleUIWebViewController.swift in Sources */,
				01BE05572128389C00E5BE14 /* XRProvider.swift in Sources */,
				0104CA10217C4CA400E90168 /* ExampleCollectionNavHiddenViewController.swift in Sources */,
				0155059A20FC8A190082599C /* XRActivityRefreshHeader.swift in Sources */,
				0155059820FC8A190082599C /* XRBaseRefreshFooter.swift in Sources */,
				013083762176DE3300F227BE /* UIScrollView+XRExtension.swift in Sources */,
				0155059C20FC8A190082599C /* UIScrollView+XRRefresh.swift in Sources */,
				0104CA0E217C496800E90168 /* ExampleNavHiddenViewController.swift in Sources */,
				0107F7E62175D0A7000BE9C7 /* XRLocalizableStringManager.swift in Sources */,
				0107F7D72175CE6B000BE9C7 /* CustomActivityRefreshHeader.swift in Sources */,
				013083792176E96300F227BE /* ExampleCollectionViewCell.swift in Sources */,
				012B4C9320F789AD0049BB5A /* Marcos.swift in Sources */,
				0155059520FC8A190082599C /* XRActivityRefreshFooter.swift in Sources */,
				019A3F8D227AEB7800C212F8 /* XRImageRefreshHeader.swift in Sources */,
			);
			runOnlyForDeploymentPostprocessing = 0;
		};
/* End PBXSourcesBuildPhase section */

/* Begin PBXVariantGroup section */
		0107F7D82175CE83000BE9C7 /* Localizable.strings */ = {
			isa = PBXVariantGroup;
			children = (
				0107F7D92175CE83000BE9C7 /* en */,
				0107F7DD2175CFA6000BE9C7 /* zh-Hans */,
				0107F7E02175CFB8000BE9C7 /* zh-Hant */,
			);
			name = Localizable.strings;
			sourceTree = "<group>";
		};
		0125F41920F601760027C078 /* Main.storyboard */ = {
			isa = PBXVariantGroup;
			children = (
				0125F41A20F601760027C078 /* Base */,
				0107F7DB2175CFA6000BE9C7 /* zh-Hans */,
				0107F7DE2175CFB8000BE9C7 /* zh-Hant */,
			);
			name = Main.storyboard;
			sourceTree = "<group>";
		};
		0125F41E20F601770027C078 /* LaunchScreen.storyboard */ = {
			isa = PBXVariantGroup;
			children = (
				0125F41F20F601770027C078 /* Base */,
				0107F7DC2175CFA6000BE9C7 /* zh-Hans */,
				0107F7DF2175CFB8000BE9C7 /* zh-Hant */,
			);
			name = LaunchScreen.storyboard;
			sourceTree = "<group>";
		};
/* End PBXVariantGroup section */

/* Begin XCBuildConfiguration section */
		0125F42220F601770027C078 /* Debug */ = {
			isa = XCBuildConfiguration;
			buildSettings = {
				ALWAYS_SEARCH_USER_PATHS = NO;
				CLANG_ANALYZER_LOCALIZABILITY_NONLOCALIZED = YES;
				CLANG_ANALYZER_NONNULL = YES;
				CLANG_ANALYZER_NUMBER_OBJECT_CONVERSION = YES_AGGRESSIVE;
				CLANG_CXX_LANGUAGE_STANDARD = "gnu++14";
				CLANG_CXX_LIBRARY = "libc++";
				CLANG_ENABLE_MODULES = YES;
				CLANG_ENABLE_OBJC_ARC = YES;
				CLANG_ENABLE_OBJC_WEAK = YES;
				CLANG_WARN_BLOCK_CAPTURE_AUTORELEASING = YES;
				CLANG_WARN_BOOL_CONVERSION = YES;
				CLANG_WARN_COMMA = YES;
				CLANG_WARN_CONSTANT_CONVERSION = YES;
				CLANG_WARN_DEPRECATED_OBJC_IMPLEMENTATIONS = YES;
				CLANG_WARN_DIRECT_OBJC_ISA_USAGE = YES_ERROR;
				CLANG_WARN_DOCUMENTATION_COMMENTS = YES;
				CLANG_WARN_EMPTY_BODY = YES;
				CLANG_WARN_ENUM_CONVERSION = YES;
				CLANG_WARN_INFINITE_RECURSION = YES;
				CLANG_WARN_INT_CONVERSION = YES;
				CLANG_WARN_NON_LITERAL_NULL_CONVERSION = YES;
				CLANG_WARN_OBJC_IMPLICIT_RETAIN_SELF = YES;
				CLANG_WARN_OBJC_LITERAL_CONVERSION = YES;
				CLANG_WARN_OBJC_ROOT_CLASS = YES_ERROR;
				CLANG_WARN_RANGE_LOOP_ANALYSIS = YES;
				CLANG_WARN_STRICT_PROTOTYPES = YES;
				CLANG_WARN_SUSPICIOUS_MOVE = YES;
				CLANG_WARN_UNGUARDED_AVAILABILITY = YES_AGGRESSIVE;
				CLANG_WARN_UNREACHABLE_CODE = YES;
				CLANG_WARN__DUPLICATE_METHOD_MATCH = YES;
				CODE_SIGN_IDENTITY = "iPhone Developer";
				COPY_PHASE_STRIP = NO;
				DEBUG_INFORMATION_FORMAT = dwarf;
				ENABLE_STRICT_OBJC_MSGSEND = YES;
				ENABLE_TESTABILITY = YES;
				GCC_C_LANGUAGE_STANDARD = gnu11;
				GCC_DYNAMIC_NO_PIC = NO;
				GCC_NO_COMMON_BLOCKS = YES;
				GCC_OPTIMIZATION_LEVEL = 0;
				GCC_PREPROCESSOR_DEFINITIONS = (
					"DEBUG=1",
					"$(inherited)",
				);
				GCC_WARN_64_TO_32_BIT_CONVERSION = YES;
				GCC_WARN_ABOUT_RETURN_TYPE = YES_ERROR;
				GCC_WARN_UNDECLARED_SELECTOR = YES;
				GCC_WARN_UNINITIALIZED_AUTOS = YES_AGGRESSIVE;
				GCC_WARN_UNUSED_FUNCTION = YES;
				GCC_WARN_UNUSED_VARIABLE = YES;
				IPHONEOS_DEPLOYMENT_TARGET = 11.3;
				MTL_ENABLE_DEBUG_INFO = YES;
				ONLY_ACTIVE_ARCH = YES;
				SDKROOT = iphoneos;
				SWIFT_ACTIVE_COMPILATION_CONDITIONS = DEBUG;
				SWIFT_OPTIMIZATION_LEVEL = "-Onone";
			};
			name = Debug;
		};
		0125F42320F601770027C078 /* Release */ = {
			isa = XCBuildConfiguration;
			buildSettings = {
				ALWAYS_SEARCH_USER_PATHS = NO;
				CLANG_ANALYZER_LOCALIZABILITY_NONLOCALIZED = YES;
				CLANG_ANALYZER_NONNULL = YES;
				CLANG_ANALYZER_NUMBER_OBJECT_CONVERSION = YES_AGGRESSIVE;
				CLANG_CXX_LANGUAGE_STANDARD = "gnu++14";
				CLANG_CXX_LIBRARY = "libc++";
				CLANG_ENABLE_MODULES = YES;
				CLANG_ENABLE_OBJC_ARC = YES;
				CLANG_ENABLE_OBJC_WEAK = YES;
				CLANG_WARN_BLOCK_CAPTURE_AUTORELEASING = YES;
				CLANG_WARN_BOOL_CONVERSION = YES;
				CLANG_WARN_COMMA = YES;
				CLANG_WARN_CONSTANT_CONVERSION = YES;
				CLANG_WARN_DEPRECATED_OBJC_IMPLEMENTATIONS = YES;
				CLANG_WARN_DIRECT_OBJC_ISA_USAGE = YES_ERROR;
				CLANG_WARN_DOCUMENTATION_COMMENTS = YES;
				CLANG_WARN_EMPTY_BODY = YES;
				CLANG_WARN_ENUM_CONVERSION = YES;
				CLANG_WARN_INFINITE_RECURSION = YES;
				CLANG_WARN_INT_CONVERSION = YES;
				CLANG_WARN_NON_LITERAL_NULL_CONVERSION = YES;
				CLANG_WARN_OBJC_IMPLICIT_RETAIN_SELF = YES;
				CLANG_WARN_OBJC_LITERAL_CONVERSION = YES;
				CLANG_WARN_OBJC_ROOT_CLASS = YES_ERROR;
				CLANG_WARN_RANGE_LOOP_ANALYSIS = YES;
				CLANG_WARN_STRICT_PROTOTYPES = YES;
				CLANG_WARN_SUSPICIOUS_MOVE = YES;
				CLANG_WARN_UNGUARDED_AVAILABILITY = YES_AGGRESSIVE;
				CLANG_WARN_UNREACHABLE_CODE = YES;
				CLANG_WARN__DUPLICATE_METHOD_MATCH = YES;
				CODE_SIGN_IDENTITY = "iPhone Developer";
				COPY_PHASE_STRIP = NO;
				DEBUG_INFORMATION_FORMAT = "dwarf-with-dsym";
				ENABLE_NS_ASSERTIONS = NO;
				ENABLE_STRICT_OBJC_MSGSEND = YES;
				GCC_C_LANGUAGE_STANDARD = gnu11;
				GCC_NO_COMMON_BLOCKS = YES;
				GCC_WARN_64_TO_32_BIT_CONVERSION = YES;
				GCC_WARN_ABOUT_RETURN_TYPE = YES_ERROR;
				GCC_WARN_UNDECLARED_SELECTOR = YES;
				GCC_WARN_UNINITIALIZED_AUTOS = YES_AGGRESSIVE;
				GCC_WARN_UNUSED_FUNCTION = YES;
				GCC_WARN_UNUSED_VARIABLE = YES;
				IPHONEOS_DEPLOYMENT_TARGET = 11.3;
				MTL_ENABLE_DEBUG_INFO = NO;
				SDKROOT = iphoneos;
				SWIFT_COMPILATION_MODE = wholemodule;
				SWIFT_OPTIMIZATION_LEVEL = "-O";
				VALIDATE_PRODUCT = YES;
			};
			name = Release;
		};
		0125F42520F601770027C078 /* Debug */ = {
			isa = XCBuildConfiguration;
			baseConfigurationReference = 112C94F3005DC2BC6B4DF60F /* Pods-XREasyRefreshControl.debug.xcconfig */;
			buildSettings = {
				ASSETCATALOG_COMPILER_APPICON_NAME = AppIcon;
				CODE_SIGN_STYLE = Manual;
				DEVELOPMENT_TEAM = 23PU435V7A;
				INFOPLIST_FILE = XREasyRefreshControl/Info.plist;
				IPHONEOS_DEPLOYMENT_TARGET = 8.0;
				LD_RUNPATH_SEARCH_PATHS = (
					"$(inherited)",
					"@executable_path/Frameworks",
				);
				PRODUCT_BUNDLE_IDENTIFIER = com.quke.XREasyRefresh;
				PRODUCT_NAME = "$(TARGET_NAME)";
				PROVISIONING_PROFILE = "975584aa-18eb-43c8-b940-847889c9a0bc";
				PROVISIONING_PROFILE_SPECIFIER = quke_devAll;
				SWIFT_VERSION = 5.0;
				TARGETED_DEVICE_FAMILY = "1,2";
			};
			name = Debug;
		};
		0125F42620F601770027C078 /* Release */ = {
			isa = XCBuildConfiguration;
			baseConfigurationReference = A48D8678851DA129E8BB2AA4 /* Pods-XREasyRefreshControl.release.xcconfig */;
			buildSettings = {
				ASSETCATALOG_COMPILER_APPICON_NAME = AppIcon;
				CODE_SIGN_STYLE = Manual;
				DEVELOPMENT_TEAM = 23PU435V7A;
				INFOPLIST_FILE = XREasyRefreshControl/Info.plist;
				IPHONEOS_DEPLOYMENT_TARGET = 8.0;
				LD_RUNPATH_SEARCH_PATHS = (
					"$(inherited)",
					"@executable_path/Frameworks",
				);
				PRODUCT_BUNDLE_IDENTIFIER = com.quke.XREasyRefresh;
				PRODUCT_NAME = "$(TARGET_NAME)";
				PROVISIONING_PROFILE = "975584aa-18eb-43c8-b940-847889c9a0bc";
				PROVISIONING_PROFILE_SPECIFIER = quke_devAll;
				SWIFT_VERSION = 5.0;
				TARGETED_DEVICE_FAMILY = "1,2";
			};
			name = Release;
		};
/* End XCBuildConfiguration section */

/* Begin XCConfigurationList section */
		0125F40D20F601760027C078 /* Build configuration list for PBXProject "XREasyRefreshControl" */ = {
			isa = XCConfigurationList;
			buildConfigurations = (
				0125F42220F601770027C078 /* Debug */,
				0125F42320F601770027C078 /* Release */,
			);
			defaultConfigurationIsVisible = 0;
			defaultConfigurationName = Release;
		};
		0125F42420F601770027C078 /* Build configuration list for PBXNativeTarget "XREasyRefreshControl" */ = {
			isa = XCConfigurationList;
			buildConfigurations = (
				0125F42520F601770027C078 /* Debug */,
				0125F42620F601770027C078 /* Release */,
			);
			defaultConfigurationIsVisible = 0;
			defaultConfigurationName = Release;
		};
/* End XCConfigurationList section */
	};
	rootObject = 0125F40A20F601760027C078 /* Project object */;
}
